// !$*UTF8*$!
{
	archiveVersion = 1;
	classes = {
	};
	objectVersion = 46;
	objects = {

/* Begin PBXBuildFile section */
		3A2131F2180474A500916058 /* Foundation.framework in Frameworks */ = {isa = PBXBuildFile; fileRef = 3A2131F1180474A500916058 /* Foundation.framework */; };
		3A2131F4180474A500916058 /* CoreGraphics.framework in Frameworks */ = {isa = PBXBuildFile; fileRef = 3A2131F3180474A500916058 /* CoreGraphics.framework */; };
		3A2131F6180474A500916058 /* UIKit.framework in Frameworks */ = {isa = PBXBuildFile; fileRef = 3A2131F5180474A500916058 /* UIKit.framework */; };
		3A2131FC180474A500916058 /* InfoPlist.strings in Resources */ = {isa = PBXBuildFile; fileRef = 3A2131FA180474A500916058 /* InfoPlist.strings */; };
		3A2131FE180474A500916058 /* main.m in Sources */ = {isa = PBXBuildFile; fileRef = 3A2131FD180474A500916058 /* main.m */; };
		3A213202180474A500916058 /* HPAppDelegate.m in Sources */ = {isa = PBXBuildFile; fileRef = 3A213201180474A500916058 /* HPAppDelegate.m */; };
		3A213204180474A500916058 /* Images.xcassets in Resources */ = {isa = PBXBuildFile; fileRef = 3A213203180474A500916058 /* Images.xcassets */; };
/* End PBXBuildFile section */

/* Begin PBXFileReference section */
		3A2131EE180474A500916058 /* Alertify.app */ = {isa = PBXFileReference; explicitFileType = wrapper.application; includeInIndex = 0; path = Alertify.app; sourceTree = BUILT_PRODUCTS_DIR; };
		3A2131F1180474A500916058 /* Foundation.framework */ = {isa = PBXFileReference; lastKnownFileType = wrapper.framework; name = Foundation.framework; path = System/Library/Frameworks/Foundation.framework; sourceTree = SDKROOT; };
		3A2131F3180474A500916058 /* CoreGraphics.framework */ = {isa = PBXFileReference; lastKnownFileType = wrapper.framework; name = CoreGraphics.framework; path = System/Library/Frameworks/CoreGraphics.framework; sourceTree = SDKROOT; };
		3A2131F5180474A500916058 /* UIKit.framework */ = {isa = PBXFileReference; lastKnownFileType = wrapper.framework; name = UIKit.framework; path = System/Library/Frameworks/UIKit.framework; sourceTree = SDKROOT; };
		3A2131F9180474A500916058 /* Alertify-Info.plist */ = {isa = PBXFileReference; lastKnownFileType = text.plist.xml; path = "Alertify-Info.plist"; sourceTree = "<group>"; };
		3A2131FB180474A500916058 /* en */ = {isa = PBXFileReference; lastKnownFileType = text.plist.strings; name = en; path = en.lproj/InfoPlist.strings; sourceTree = "<group>"; };
		3A2131FD180474A500916058 /* main.m */ = {isa = PBXFileReference; lastKnownFileType = sourcecode.c.objc; path = main.m; sourceTree = "<group>"; };
		3A2131FF180474A500916058 /* Alertify-Prefix.pch */ = {isa = PBXFileReference; lastKnownFileType = sourcecode.c.h; path = "Alertify-Prefix.pch"; sourceTree = "<group>"; };
		3A213200180474A500916058 /* HPAppDelegate.h */ = {isa = PBXFileReference; lastKnownFileType = sourcecode.c.h; path = HPAppDelegate.h; sourceTree = "<group>"; };
		3A213201180474A500916058 /* HPAppDelegate.m */ = {isa = PBXFileReference; lastKnownFileType = sourcecode.c.objc; path = HPAppDelegate.m; sourceTree = "<group>"; };
		3A213203180474A500916058 /* Images.xcassets */ = {isa = PBXFileReference; lastKnownFileType = folder.assetcatalog; path = Images.xcassets; sourceTree = "<group>"; };
		3A21320A180474A500916058 /* XCTest.framework */ = {isa = PBXFileReference; lastKnownFileType = wrapper.framework; name = XCTest.framework; path = Library/Frameworks/XCTest.framework; sourceTree = DEVELOPER_DIR; };
/* End PBXFileReference section */

/* Begin PBXFrameworksBuildPhase section */
		3A2131EB180474A500916058 /* Frameworks */ = {
			isa = PBXFrameworksBuildPhase;
			buildActionMask = 2147483647;
			files = (
				3A2131F4180474A500916058 /* CoreGraphics.framework in Frameworks */,
				3A2131F6180474A500916058 /* UIKit.framework in Frameworks */,
				3A2131F2180474A500916058 /* Foundation.framework in Frameworks */,
			);
			runOnlyForDeploymentPostprocessing = 0;
		};
/* End PBXFrameworksBuildPhase section */

/* Begin PBXGroup section */
		3A2131E5180474A500916058 = {
			isa = PBXGroup;
			children = (
				3A2131F7180474A500916058 /* Alertify */,
				3A2131F0180474A500916058 /* Frameworks */,
				3A2131EF180474A500916058 /* Products */,
			);
			sourceTree = "<group>";
		};
		3A2131EF180474A500916058 /* Products */ = {
			isa = PBXGroup;
			children = (
				3A2131EE180474A500916058 /* Alertify.app */,
			);
			name = Products;
			sourceTree = "<group>";
		};
		3A2131F0180474A500916058 /* Frameworks */ = {
			isa = PBXGroup;
			children = (
				3A2131F1180474A500916058 /* Foundation.framework */,
				3A2131F3180474A500916058 /* CoreGraphics.framework */,
				3A2131F5180474A500916058 /* UIKit.framework */,
				3A21320A180474A500916058 /* XCTest.framework */,
			);
			name = Frameworks;
			sourceTree = "<group>";
		};
		3A2131F7180474A500916058 /* Alertify */ = {
			isa = PBXGroup;
			children = (
				3A213200180474A500916058 /* HPAppDelegate.h */,
				3A213201180474A500916058 /* HPAppDelegate.m */,
				3A213203180474A500916058 /* Images.xcassets */,
				3A2131F8180474A500916058 /* Supporting Files */,
			);
			path = Alertify;
			sourceTree = "<group>";
		};
		3A2131F8180474A500916058 /* Supporting Files */ = {
			isa = PBXGroup;
			children = (
				3A2131F9180474A500916058 /* Alertify-Info.plist */,
				3A2131FA180474A500916058 /* InfoPlist.strings */,
				3A2131FD180474A500916058 /* main.m */,
				3A2131FF180474A500916058 /* Alertify-Prefix.pch */,
			);
			name = "Supporting Files";
			sourceTree = "<group>";
		};
/* End PBXGroup section */

/* Begin PBXNativeTarget section */
		3A2131ED180474A500916058 /* Alertify */ = {
			isa = PBXNativeTarget;
			buildConfigurationList = 3A21321A180474A600916058 /* Build configuration list for PBXNativeTarget "Alertify" */;
			buildPhases = (
				3A2131EA180474A500916058 /* Sources */,
				3A2131EB180474A500916058 /* Frameworks */,
				3A2131EC180474A500916058 /* Resources */,
			);
			buildRules = (
			);
			dependencies = (
			);
			name = Alertify;
			productName = Alertify;
			productReference = 3A2131EE180474A500916058 /* Alertify.app */;
			productType = "com.apple.product-type.application";
		};
/* End PBXNativeTarget section */

/* Begin PBXProject section */
		3A2131E6180474A500916058 /* Project object */ = {
			isa = PBXProject;
			attributes = {
				CLASSPREFIX = HP;
				LastUpgradeCheck = 0500;
				ORGANIZATIONNAME = "Hans Pinckaers";
			};
			buildConfigurationList = 3A2131E9180474A500916058 /* Build configuration list for PBXProject "Alertify" */;
			compatibilityVersion = "Xcode 3.2";
			developmentRegion = English;
			hasScannedForEncodings = 0;
			knownRegions = (
				en,
			);
			mainGroup = 3A2131E5180474A500916058;
			productRefGroup = 3A2131EF180474A500916058 /* Products */;
			projectDirPath = "";
			projectRoot = "";
			targets = (
				3A2131ED180474A500916058 /* Alertify */,
			);
		};
/* End PBXProject section */

/* Begin PBXResourcesBuildPhase section */
		3A2131EC180474A500916058 /* Resources */ = {
			isa = PBXResourcesBuildPhase;
			buildActionMask = 2147483647;
			files = (
				3A2131FC180474A500916058 /* InfoPlist.strings in Resources */,
				3A213204180474A500916058 /* Images.xcassets in Resources */,
			);
			runOnlyForDeploymentPostprocessing = 0;
		};
/* End PBXResourcesBuildPhase section */

/* Begin PBXSourcesBuildPhase section */
		3A2131EA180474A500916058 /* Sources */ = {
			isa = PBXSourcesBuildPhase;
			buildActionMask = 2147483647;
			files = (
				3A213202180474A500916058 /* HPAppDelegate.m in Sources */,
				3A2131FE180474A500916058 /* main.m in Sources */,
			);
			runOnlyForDeploymentPostprocessing = 0;
		};
/* End PBXSourcesBuildPhase section */

/* Begin PBXVariantGroup section */
		3A2131FA180474A500916058 /* InfoPlist.strings */ = {
			isa = PBXVariantGroup;
			children = (
				3A2131FB180474A500916058 /* en */,
			);
			name = InfoPlist.strings;
			sourceTree = "<group>";
		};
/* End PBXVariantGroup section */

/* Begin XCBuildConfiguration section */
		3A213218180474A600916058 /* Debug */ = {
			isa = XCBuildConfiguration;
			buildSettings = {
				ALWAYS_SEARCH_USER_PATHS = NO;
				ARCHS = "$(ARCHS_STANDARD_INCLUDING_64_BIT)";
				CLANG_CXX_LANGUAGE_STANDARD = "gnu++0x";
				CLANG_CXX_LIBRARY = "libc++";
				CLANG_ENABLE_MODULES = YES;
				CLANG_ENABLE_OBJC_ARC = YES;
				CLANG_WARN_BOOL_CONVERSION = YES;
				CLANG_WARN_CONSTANT_CONVERSION = YES;
				CLANG_WARN_DIRECT_OBJC_ISA_USAGE = YES_ERROR;
				CLANG_WARN_EMPTY_BODY = YES;
				CLANG_WARN_ENUM_CONVERSION = YES;
				CLANG_WARN_INT_CONVERSION = YES;
				CLANG_WARN_OBJC_ROOT_CLASS = YES_ERROR;
				CLANG_WARN__DUPLICATE_METHOD_MATCH = YES;
				"CODE_SIGN_IDENTITY[sdk=iphoneos*]" = "iPhone Developer";
				COPY_PHASE_STRIP = NO;
				GCC_C_LANGUAGE_STANDARD = gnu99;
				GCC_DYNAMIC_NO_PIC = NO;
				GCC_OPTIMIZATION_LEVEL = 0;
				GCC_PREPROCESSOR_DEFINITIONS = (
					"DEBUG=1",
					"$(inherited)",
				);
				GCC_SYMBOLS_PRIVATE_EXTERN = NO;
				GCC_WARN_64_TO_32_BIT_CONVERSION = YES;
				GCC_WARN_ABOUT_RETURN_TYPE = YES_ERROR;
				GCC_WARN_UNDECLARED_SELECTOR = YES;
				GCC_WARN_UNINITIALIZED_AUTOS = YES;
				GCC_WARN_UNUSED_FUNCTION = YES;
				GCC_WARN_UNUSED_VARIABLE = YES;
				IPHONEOS_DEPLOYMENT_TARGET = 7.0;
				ONLY_ACTIVE_ARCH = YES;
				SDKROOT = iphoneos;
			};
			name = Debug;
		};
		3A213219180474A600916058 /* Release */ = {
			isa = XCBuildConfiguration;
			buildSettings = {
				ALWAYS_SEARCH_USER_PATHS = NO;
				ARCHS = "$(ARCHS_STANDARD_INCLUDING_64_BIT)";
				CLANG_CXX_LANGUAGE_STANDARD = "gnu++0x";
				CLANG_CXX_LIBRARY = "libc++";
				CLANG_ENABLE_MODULES = YES;
				CLANG_ENABLE_OBJC_ARC = YES;
				CLANG_WARN_BOOL_CONVERSION = YES;
				CLANG_WARN_CONSTANT_CONVERSION = YES;
				CLANG_WARN_DIRECT_OBJC_ISA_USAGE = YES_ERROR;
				CLANG_WARN_EMPTY_BODY = YES;
				CLANG_WARN_ENUM_CONVERSION = YES;
				CLANG_WARN_INT_CONVERSION = YES;
				CLANG_WARN_OBJC_ROOT_CLASS = YES_ERROR;
				CLANG_WARN__DUPLICATE_METHOD_MATCH = YES;
				"CODE_SIGN_IDENTITY[sdk=iphoneos*]" = "iPhone Developer";
				COPY_PHASE_STRIP = YES;
				ENABLE_NS_ASSERTIONS = NO;
				GCC_C_LANGUAGE_STANDARD = gnu99;
				GCC_WARN_64_TO_32_BIT_CONVERSION = YES;
				GCC_WARN_ABOUT_RETURN_TYPE = YES_ERROR;
				GCC_WARN_UNDECLARED_SELECTOR = YES;
				GCC_WARN_UNINITIALIZED_AUTOS = YES;
				GCC_WARN_UNUSED_FUNCTION = YES;
				GCC_WARN_UNUSED_VARIABLE = YES;
				IPHONEOS_DEPLOYMENT_TARGET = 7.0;
				SDKROOT = iphoneos;
				VALIDATE_PRODUCT = YES;
			};
			name = Release;
		};
		3A21321B180474A600916058 /* Debug */ = {
			isa = XCBuildConfiguration;
			buildSettings = {
				ASSETCATALOG_COMPILER_APPICON_NAME = AppIcon;
				ASSETCATALOG_COMPILER_LAUNCHIMAGE_NAME = LaunchImage;
				GCC_PRECOMPILE_PREFIX_HEADER = YES;
				GCC_PREFIX_HEADER = "Alertify/Alertify-Prefix.pch";
				INFOPLIST_FILE = "Alertify/Alertify-Info.plist";
				PRODUCT_NAME = "$(TARGET_NAME)";
				WRAPPER_EXTENSION = app;
			};
			name = Debug;
		};
		3A21321C180474A600916058 /* Release */ = {
			isa = XCBuildConfiguration;
			buildSettings = {
				ASSETCATALOG_COMPILER_APPICON_NAME = AppIcon;
				ASSETCATALOG_COMPILER_LAUNCHIMAGE_NAME = LaunchImage;
				GCC_PRECOMPILE_PREFIX_HEADER = YES;
				GCC_PREFIX_HEADER = "Alertify/Alertify-Prefix.pch";
				INFOPLIST_FILE = "Alertify/Alertify-Info.plist";
				PRODUCT_NAME = "$(TARGET_NAME)";
				WRAPPER_EXTENSION = app;
			};
			name = Release;
		};
/* End XCBuildConfiguration section */

/* Begin XCConfigurationList section */
		3A2131E9180474A500916058 /* Build configuration list for PBXProject "Alertify" */ = {
			isa = XCConfigurationList;
			buildConfigurations = (
				3A213218180474A600916058 /* Debug */,
				3A213219180474A600916058 /* Release */,
			);
			defaultConfigurationIsVisible = 0;
			defaultConfigurationName = Release;
		};
		3A21321A180474A600916058 /* Build configuration list for PBXNativeTarget "Alertify" */ = {
			isa = XCConfigurationList;
			buildConfigurations = (
				3A21321B180474A600916058 /* Debug */,
				3A21321C180474A600916058 /* Release */,
			);
			defaultConfigurationIsVisible = 0;
		};
/* End XCConfigurationList section */
	};
	rootObject = 3A2131E6180474A500916058 /* Project object */;
}
